
Microsoft Visual Studio Solution File, Format Version 12.00
Project("{2150E333-8FDC-42A3-9474-1A3956D46DE8}") = "OCP", "OCP", "{F11D1590-39BA-40A2-9BEF-A5F67D05592C}"
EndProject
Project("{2150E333-8FDC-42A3-9474-1A3956D46DE8}") = "SRP", "SRP", "{B6E544F0-61BA-4531-853A-A5244B46BE97}"
EndProject
Project("{FAE04EC0-301F-11D3-BF4B-00C04F79EFBC}") = "SRP", "SRP\SRP.csproj", "{A4732D4D-9DE8-4838-94D6-4758DB3D6849}"
EndProject
Project("{FAE04EC0-301F-11D3-BF4B-00C04F79EFBC}") = "OCP", "OCP\OCP.csproj", "{1EBDECD7-90C6-4360-82C2-328F9F076215}"
EndProject
Project("{2150E333-8FDC-42A3-9474-1A3956D46DE8}") = "LSP", "LSP", "{50659BCC-F874-46A7-9A40-35FD3E00CD74}"
EndProject
Project("{FAE04EC0-301F-11D3-BF4B-00C04F79EFBC}") = "LSP", "LSP\LSP.csproj", "{181AEDF5-0104-4230-928F-8DA239AA27B6}"
EndProject
Project("{2150E333-8FDC-42A3-9474-1A3956D46DE8}") = "ISP", "ISP", "{905E4AC9-902F-4B0C-AC20-95276DEAC8D2}"
EndProject
Project("{FAE04EC0-301F-11D3-BF4B-00C04F79EFBC}") = "ISP", "ISP\ISP.csproj", "{CDCFE990-9888-4C2E-9161-D7BD6FD7B11A}"
EndProject
Project("{2150E333-8FDC-42A3-9474-1A3956D46DE8}") = "DIP", "DIP", "{9FC897B1-586E-45A9-9116-F40D43BF7367}"
EndProject
Project("{FAE04EC0-301F-11D3-BF4B-00C04F79EFBC}") = "DIP", "DIP\DIP.csproj", "{D3FC4272-4A14-4A01-84B3-9CDCFBB522F3}"
EndProject
Global
	GlobalSection(SolutionConfigurationPlatforms) = preSolution
		Debug|Any CPU = Debug|Any CPU
		Release|Any CPU = Release|Any CPU
	EndGlobalSection
	GlobalSection(NestedProjects) = preSolution
		{A4732D4D-9DE8-4838-94D6-4758DB3D6849} = {B6E544F0-61BA-4531-853A-A5244B46BE97}
		{1EBDECD7-90C6-4360-82C2-328F9F076215} = {F11D1590-39BA-40A2-9BEF-A5F67D05592C}
		{181AEDF5-0104-4230-928F-8DA239AA27B6} = {50659BCC-F874-46A7-9A40-35FD3E00CD74}
		{CDCFE990-9888-4C2E-9161-D7BD6FD7B11A} = {905E4AC9-902F-4B0C-AC20-95276DEAC8D2}
		{D3FC4272-4A14-4A01-84B3-9CDCFBB522F3} = {9FC897B1-586E-45A9-9116-F40D43BF7367}
	EndGlobalSection
	GlobalSection(ProjectConfigurationPlatforms) = postSolution
		{A4732D4D-9DE8-4838-94D6-4758DB3D6849}.Debug|Any CPU.ActiveCfg = Debug|Any CPU
		{A4732D4D-9DE8-4838-94D6-4758DB3D6849}.Debug|Any CPU.Build.0 = Debug|Any CPU
		{A4732D4D-9DE8-4838-94D6-4758DB3D6849}.Release|Any CPU.ActiveCfg = Release|Any CPU
		{A4732D4D-9DE8-4838-94D6-4758DB3D6849}.Release|Any CPU.Build.0 = Release|Any CPU
		{1EBDECD7-90C6-4360-82C2-328F9F076215}.Debug|Any CPU.ActiveCfg = Debug|Any CPU
		{1EBDECD7-90C6-4360-82C2-328F9F076215}.Debug|Any CPU.Build.0 = Debug|Any CPU
		{1EBDECD7-90C6-4360-82C2-328F9F076215}.Release|Any CPU.ActiveCfg = Release|Any CPU
		{1EBDECD7-90C6-4360-82C2-328F9F076215}.Release|Any CPU.Build.0 = Release|Any CPU
		{181AEDF5-0104-4230-928F-8DA239AA27B6}.Debug|Any CPU.ActiveCfg = Debug|Any CPU
		{181AEDF5-0104-4230-928F-8DA239AA27B6}.Debug|Any CPU.Build.0 = Debug|Any CPU
		{181AEDF5-0104-4230-928F-8DA239AA27B6}.Release|Any CPU.ActiveCfg = Release|Any CPU
		{181AEDF5-0104-4230-928F-8DA239AA27B6}.Release|Any CPU.Build.0 = Release|Any CPU
		{CDCFE990-9888-4C2E-9161-D7BD6FD7B11A}.Debug|Any CPU.ActiveCfg = Debug|Any CPU
		{CDCFE990-9888-4C2E-9161-D7BD6FD7B11A}.Debug|Any CPU.Build.0 = Debug|Any CPU
		{CDCFE990-9888-4C2E-9161-D7BD6FD7B11A}.Release|Any CPU.ActiveCfg = Release|Any CPU
		{CDCFE990-9888-4C2E-9161-D7BD6FD7B11A}.Release|Any CPU.Build.0 = Release|Any CPU
		{D3FC4272-4A14-4A01-84B3-9CDCFBB522F3}.Debug|Any CPU.ActiveCfg = Debug|Any CPU
		{D3FC4272-4A14-4A01-84B3-9CDCFBB522F3}.Debug|Any CPU.Build.0 = Debug|Any CPU
		{D3FC4272-4A14-4A01-84B3-9CDCFBB522F3}.Release|Any CPU.ActiveCfg = Release|Any CPU
		{D3FC4272-4A14-4A01-84B3-9CDCFBB522F3}.Release|Any CPU.Build.0 = Release|Any CPU
	EndGlobalSection
EndGlobal
